// !$*UTF8*$!
{
	archiveVersion = 1;
	classes = {
	};
	objectVersion = 50;
	objects = {

/* Begin PBXBuildFile section */
		E4E30B4023B747C600224A72 /* AppDelegate.swift in Sources */ = {isa = PBXBuildFile; fileRef = E4E30B3F23B747C600224A72 /* AppDelegate.swift */; };
		E4E30B4223B747C600224A72 /* SceneDelegate.swift in Sources */ = {isa = PBXBuildFile; fileRef = E4E30B4123B747C600224A72 /* SceneDelegate.swift */; };
		E4E30B4723B747C600224A72 /* ContentView.swift in Sources */ = {isa = PBXBuildFile; fileRef = E4E30B4623B747C600224A72 /* ContentView.swift */; };
		E4E30B4923B747C900224A72 /* Assets.xcassets in Resources */ = {isa = PBXBuildFile; fileRef = E4E30B4823B747C900224A72 /* Assets.xcassets */; };
		E4E30B4C23B747C900224A72 /* Preview Assets.xcassets in Resources */ = {isa = PBXBuildFile; fileRef = E4E30B4B23B747C900224A72 /* Preview Assets.xcassets */; };
		E4E30B4F23B747C900224A72 /* LaunchScreen.storyboard in Resources */ = {isa = PBXBuildFile; fileRef = E4E30B4D23B747C900224A72 /* LaunchScreen.storyboard */; };
		E4E30B5823B7486600224A72 /* WorkoutHistoryView.swift in Sources */ = {isa = PBXBuildFile; fileRef = E4E30B5723B7486600224A72 /* WorkoutHistoryView.swift */; };
		E4E30B5A23B7488100224A72 /* RootTabView.swift in Sources */ = {isa = PBXBuildFile; fileRef = E4E30B5923B7488100224A72 /* RootTabView.swift */; };
		E4E30B5C23B7488800224A72 /* AddWorkoutView.swift in Sources */ = {isa = PBXBuildFile; fileRef = E4E30B5B23B7488800224A72 /* AddWorkoutView.swift */; };
		E4E30B5E23B7489000224A72 /* WorkoutDetailView.swift in Sources */ = {isa = PBXBuildFile; fileRef = E4E30B5D23B7489000224A72 /* WorkoutDetailView.swift */; };
		E4E30B6123B748AD00224A72 /* GymBro.xcdatamodeld in Sources */ = {isa = PBXBuildFile; fileRef = E4E30B5F23B748AD00224A72 /* GymBro.xcdatamodeld */; };
		E4E30B6523B748B800224A72 /* Workout.swift in Sources */ = {isa = PBXBuildFile; fileRef = E4E30B6323B748B700224A72 /* Workout.swift */; };
		E4E30B6623B748B800224A72 /* Exercise.swift in Sources */ = {isa = PBXBuildFile; fileRef = E4E30B6423B748B700224A72 /* Exercise.swift */; };
		E4E30B6923B748EC00224A72 /* WorkoutCard.swift in Sources */ = {isa = PBXBuildFile; fileRef = E4E30B6823B748EB00224A72 /* WorkoutCard.swift */; };
		E4E30B6B23B7490D00224A72 /* ExerciseDetailCell.swift in Sources */ = {isa = PBXBuildFile; fileRef = E4E30B6A23B7490D00224A72 /* ExerciseDetailCell.swift */; };
		E4E30B6D23B7492100224A72 /* ExercisePickerView.swift in Sources */ = {isa = PBXBuildFile; fileRef = E4E30B6C23B7492100224A72 /* ExercisePickerView.swift */; };
		E4E6ECF223B8D38B00CC364E /* KeyboardResponsiveModifier.swift in Sources */ = {isa = PBXBuildFile; fileRef = E4E6ECF123B8D38B00CC364E /* KeyboardResponsiveModifier.swift */; };
/* End PBXBuildFile section */

/* Begin PBXFileReference section */
		E4E30B3C23B747C600224A72 /* GymBro.app */ = {isa = PBXFileReference; explicitFileType = wrapper.application; includeInIndex = 0; path = GymBro.app; sourceTree = BUILT_PRODUCTS_DIR; };
		E4E30B3F23B747C600224A72 /* AppDelegate.swift */ = {isa = PBXFileReference; lastKnownFileType = sourcecode.swift; path = AppDelegate.swift; sourceTree = "<group>"; };
		E4E30B4123B747C600224A72 /* SceneDelegate.swift */ = {isa = PBXFileReference; lastKnownFileType = sourcecode.swift; path = SceneDelegate.swift; sourceTree = "<group>"; };
		E4E30B4623B747C600224A72 /* ContentView.swift */ = {isa = PBXFileReference; lastKnownFileType = sourcecode.swift; path = ContentView.swift; sourceTree = "<group>"; };
		E4E30B4823B747C900224A72 /* Assets.xcassets */ = {isa = PBXFileReference; lastKnownFileType = folder.assetcatalog; path = Assets.xcassets; sourceTree = "<group>"; };
		E4E30B4B23B747C900224A72 /* Preview Assets.xcassets */ = {isa = PBXFileReference; lastKnownFileType = folder.assetcatalog; path = "Preview Assets.xcassets"; sourceTree = "<group>"; };
		E4E30B4E23B747C900224A72 /* Base */ = {isa = PBXFileReference; lastKnownFileType = file.storyboard; name = Base; path = Base.lproj/LaunchScreen.storyboard; sourceTree = "<group>"; };
		E4E30B5023B747C900224A72 /* Info.plist */ = {isa = PBXFileReference; lastKnownFileType = text.plist.xml; path = Info.plist; sourceTree = "<group>"; };
		E4E30B5723B7486600224A72 /* WorkoutHistoryView.swift */ = {isa = PBXFileReference; fileEncoding = 4; lastKnownFileType = sourcecode.swift; path = WorkoutHistoryView.swift; sourceTree = "<group>"; };
		E4E30B5923B7488100224A72 /* RootTabView.swift */ = {isa = PBXFileReference; fileEncoding = 4; lastKnownFileType = sourcecode.swift; path = RootTabView.swift; sourceTree = "<group>"; };
		E4E30B5B23B7488800224A72 /* AddWorkoutView.swift */ = {isa = PBXFileReference; fileEncoding = 4; lastKnownFileType = sourcecode.swift; path = AddWorkoutView.swift; sourceTree = "<group>"; };
		E4E30B5D23B7489000224A72 /* WorkoutDetailView.swift */ = {isa = PBXFileReference; fileEncoding = 4; lastKnownFileType = sourcecode.swift; path = WorkoutDetailView.swift; sourceTree = "<group>"; };
		E4E30B6023B748AD00224A72 /* GymBro.xcdatamodel */ = {isa = PBXFileReference; lastKnownFileType = wrapper.xcdatamodel; path = GymBro.xcdatamodel; sourceTree = "<group>"; };
		E4E30B6323B748B700224A72 /* Workout.swift */ = {isa = PBXFileReference; fileEncoding = 4; lastKnownFileType = sourcecode.swift; path = Workout.swift; sourceTree = "<group>"; };
		E4E30B6423B748B700224A72 /* Exercise.swift */ = {isa = PBXFileReference; fileEncoding = 4; lastKnownFileType = sourcecode.swift; path = Exercise.swift; sourceTree = "<group>"; };
		E4E30B6823B748EB00224A72 /* WorkoutCard.swift */ = {isa = PBXFileReference; fileEncoding = 4; lastKnownFileType = sourcecode.swift; path = WorkoutCard.swift; sourceTree = "<group>"; };
		E4E30B6A23B7490D00224A72 /* ExerciseDetailCell.swift */ = {isa = PBXFileReference; fileEncoding = 4; lastKnownFileType = sourcecode.swift; path = ExerciseDetailCell.swift; sourceTree = "<group>"; };
		E4E30B6C23B7492100224A72 /* ExercisePickerView.swift */ = {isa = PBXFileReference; fileEncoding = 4; lastKnownFileType = sourcecode.swift; path = ExercisePickerView.swift; sourceTree = "<group>"; };
		E4E6ECF123B8D38B00CC364E /* KeyboardResponsiveModifier.swift */ = {isa = PBXFileReference; lastKnownFileType = sourcecode.swift; path = KeyboardResponsiveModifier.swift; sourceTree = "<group>"; };
/* End PBXFileReference section */

/* Begin PBXFrameworksBuildPhase section */
		E4E30B3923B747C600224A72 /* Frameworks */ = {
			isa = PBXFrameworksBuildPhase;
			buildActionMask = 2147483647;
			files = (
			);
			runOnlyForDeploymentPostprocessing = 0;
		};
/* End PBXFrameworksBuildPhase section */

/* Begin PBXGroup section */
		E4E30B3323B747C600224A72 = {
			isa = PBXGroup;
			children = (
				E4E30B3E23B747C600224A72 /* GymBro */,
				E4E30B3D23B747C600224A72 /* Products */,
			);
			sourceTree = "<group>";
		};
		E4E30B3D23B747C600224A72 /* Products */ = {
			isa = PBXGroup;
			children = (
				E4E30B3C23B747C600224A72 /* GymBro.app */,
			);
			name = Products;
			sourceTree = "<group>";
		};
		E4E30B3E23B747C600224A72 /* GymBro */ = {
			isa = PBXGroup;
			children = (
				E4E6ECF023B8D37D00CC364E /* util */,
				E4E30B6723B748C800224A72 /* cards */,
				E4E30B6223B748B700224A72 /* model */,
				E4E30B5623B7481400224A72 /* views */,
				E4E30B3F23B747C600224A72 /* AppDelegate.swift */,
				E4E30B4123B747C600224A72 /* SceneDelegate.swift */,
				E4E30B4623B747C600224A72 /* ContentView.swift */,
				E4E30B4823B747C900224A72 /* Assets.xcassets */,
				E4E30B4D23B747C900224A72 /* LaunchScreen.storyboard */,
				E4E30B5023B747C900224A72 /* Info.plist */,
				E4E30B5F23B748AD00224A72 /* GymBro.xcdatamodeld */,
				E4E30B4A23B747C900224A72 /* Preview Content */,
			);
			path = GymBro;
			sourceTree = "<group>";
		};
		E4E30B4A23B747C900224A72 /* Preview Content */ = {
			isa = PBXGroup;
			children = (
				E4E30B4B23B747C900224A72 /* Preview Assets.xcassets */,
			);
			path = "Preview Content";
			sourceTree = "<group>";
		};
		E4E30B5623B7481400224A72 /* views */ = {
			isa = PBXGroup;
			children = (
				E4E30B5723B7486600224A72 /* WorkoutHistoryView.swift */,
				E4E30B5923B7488100224A72 /* RootTabView.swift */,
				E4E30B5B23B7488800224A72 /* AddWorkoutView.swift */,
				E4E30B5D23B7489000224A72 /* WorkoutDetailView.swift */,
			);
			path = views;
			sourceTree = "<group>";
		};
		E4E30B6223B748B700224A72 /* model */ = {
			isa = PBXGroup;
			children = (
				E4E30B6323B748B700224A72 /* Workout.swift */,
				E4E30B6423B748B700224A72 /* Exercise.swift */,
			);
			path = model;
			sourceTree = "<group>";
		};
		E4E30B6723B748C800224A72 /* cards */ = {
			isa = PBXGroup;
			children = (
				E4E30B6C23B7492100224A72 /* ExercisePickerView.swift */,
				E4E30B6823B748EB00224A72 /* WorkoutCard.swift */,
				E4E30B6A23B7490D00224A72 /* ExerciseDetailCell.swift */,
			);
			path = cards;
			sourceTree = "<group>";
		};
		E4E6ECF023B8D37D00CC364E /* util */ = {
			isa = PBXGroup;
			children = (
				E4E6ECF123B8D38B00CC364E /* KeyboardResponsiveModifier.swift */,
			);
			path = util;
			sourceTree = "<group>";
		};
/* End PBXGroup section */

/* Begin PBXNativeTarget section */
		E4E30B3B23B747C600224A72 /* GymBro */ = {
			isa = PBXNativeTarget;
			buildConfigurationList = E4E30B5323B747C900224A72 /* Build configuration list for PBXNativeTarget "GymBro" */;
			buildPhases = (
				E4E30B3823B747C600224A72 /* Sources */,
				E4E30B3923B747C600224A72 /* Frameworks */,
				E4E30B3A23B747C600224A72 /* Resources */,
			);
			buildRules = (
			);
			dependencies = (
			);
			name = GymBro;
			productName = GymBro;
			productReference = E4E30B3C23B747C600224A72 /* GymBro.app */;
			productType = "com.apple.product-type.application";
		};
/* End PBXNativeTarget section */

/* Begin PBXProject section */
		E4E30B3423B747C600224A72 /* Project object */ = {
			isa = PBXProject;
			attributes = {
				LastSwiftUpdateCheck = 1130;
				LastUpgradeCheck = 1130;
				ORGANIZATIONNAME = flocco;
				TargetAttributes = {
					E4E30B3B23B747C600224A72 = {
						CreatedOnToolsVersion = 11.3;
					};
				};
			};
			buildConfigurationList = E4E30B3723B747C600224A72 /* Build configuration list for PBXProject "GymBro" */;
			compatibilityVersion = "Xcode 9.3";
			developmentRegion = en;
			hasScannedForEncodings = 0;
			knownRegions = (
				en,
				Base,
			);
			mainGroup = E4E30B3323B747C600224A72;
			productRefGroup = E4E30B3D23B747C600224A72 /* Products */;
			projectDirPath = "";
			projectRoot = "";
			targets = (
				E4E30B3B23B747C600224A72 /* GymBro */,
			);
		};
/* End PBXProject section */

/* Begin PBXResourcesBuildPhase section */
		E4E30B3A23B747C600224A72 /* Resources */ = {
			isa = PBXResourcesBuildPhase;
			buildActionMask = 2147483647;
			files = (
				E4E30B4F23B747C900224A72 /* LaunchScreen.storyboard in Resources */,
				E4E30B4C23B747C900224A72 /* Preview Assets.xcassets in Resources */,
				E4E30B4923B747C900224A72 /* Assets.xcassets in Resources */,
			);
			runOnlyForDeploymentPostprocessing = 0;
		};
/* End PBXResourcesBuildPhase section */

/* Begin PBXSourcesBuildPhase section */
		E4E30B3823B747C600224A72 /* Sources */ = {
			isa = PBXSourcesBuildPhase;
			buildActionMask = 2147483647;
			files = (
				E4E30B5C23B7488800224A72 /* AddWorkoutView.swift in Sources */,
				E4E30B6D23B7492100224A72 /* ExercisePickerView.swift in Sources */,
				E4E30B4023B747C600224A72 /* AppDelegate.swift in Sources */,
				E4E30B5E23B7489000224A72 /* WorkoutDetailView.swift in Sources */,
				E4E30B6923B748EC00224A72 /* WorkoutCard.swift in Sources */,
				E4E6ECF223B8D38B00CC364E /* KeyboardResponsiveModifier.swift in Sources */,
				E4E30B6123B748AD00224A72 /* GymBro.xcdatamodeld in Sources */,
				E4E30B4723B747C600224A72 /* ContentView.swift in Sources */,
				E4E30B6B23B7490D00224A72 /* ExerciseDetailCell.swift in Sources */,
				E4E30B6623B748B800224A72 /* Exercise.swift in Sources */,
				E4E30B6523B748B800224A72 /* Workout.swift in Sources */,
				E4E30B4223B747C600224A72 /* SceneDelegate.swift in Sources */,
				E4E30B5A23B7488100224A72 /* RootTabView.swift in Sources */,
				E4E30B5823B7486600224A72 /* WorkoutHistoryView.swift in Sources */,
			);
			runOnlyForDeploymentPostprocessing = 0;
		};
/* End PBXSourcesBuildPhase section */

/* Begin PBXVariantGroup section */
		E4E30B4D23B747C900224A72 /* LaunchScreen.storyboard */ = {
			isa = PBXVariantGroup;
			children = (
				E4E30B4E23B747C900224A72 /* Base */,
			);
			name = LaunchScreen.storyboard;
			sourceTree = "<group>";
		};
/* End PBXVariantGroup section */

/* Begin XCBuildConfiguration section */
		E4E30B5123B747C900224A72 /* Debug */ = {
			isa = XCBuildConfiguration;
			buildSettings = {
				ALWAYS_SEARCH_USER_PATHS = NO;
				CLANG_ANALYZER_NONNULL = YES;
				CLANG_ANALYZER_NUMBER_OBJECT_CONVERSION = YES_AGGRESSIVE;
				CLANG_CXX_LANGUAGE_STANDARD = "gnu++14";
				CLANG_CXX_LIBRARY = "libc++";
				CLANG_ENABLE_MODULES = YES;
				CLANG_ENABLE_OBJC_ARC = YES;
				CLANG_ENABLE_OBJC_WEAK = YES;
				CLANG_WARN_BLOCK_CAPTURE_AUTORELEASING = YES;
				CLANG_WARN_BOOL_CONVERSION = YES;
				CLANG_WARN_COMMA = YES;
				CLANG_WARN_CONSTANT_CONVERSION = YES;
				CLANG_WARN_DEPRECATED_OBJC_IMPLEMENTATIONS = YES;
				CLANG_WARN_DIRECT_OBJC_ISA_USAGE = YES_ERROR;
				CLANG_WARN_DOCUMENTATION_COMMENTS = YES;
				CLANG_WARN_EMPTY_BODY = YES;
				CLANG_WARN_ENUM_CONVERSION = YES;
				CLANG_WARN_INFINITE_RECURSION = YES;
				CLANG_WARN_INT_CONVERSION = YES;
				CLANG_WARN_NON_LITERAL_NULL_CONVERSION = YES;
				CLANG_WARN_OBJC_IMPLICIT_RETAIN_SELF = YES;
				CLANG_WARN_OBJC_LITERAL_CONVERSION = YES;
				CLANG_WARN_OBJC_ROOT_CLASS = YES_ERROR;
				CLANG_WARN_RANGE_LOOP_ANALYSIS = YES;
				CLANG_WARN_STRICT_PROTOTYPES = YES;
				CLANG_WARN_SUSPICIOUS_MOVE = YES;
				CLANG_WARN_UNGUARDED_AVAILABILITY = YES_AGGRESSIVE;
				CLANG_WARN_UNREACHABLE_CODE = YES;
				CLANG_WARN__DUPLICATE_METHOD_MATCH = YES;
				COPY_PHASE_STRIP = NO;
				DEBUG_INFORMATION_FORMAT = dwarf;
				ENABLE_STRICT_OBJC_MSGSEND = YES;
				ENABLE_TESTABILITY = YES;
				GCC_C_LANGUAGE_STANDARD = gnu11;
				GCC_DYNAMIC_NO_PIC = NO;
				GCC_NO_COMMON_BLOCKS = YES;
				GCC_OPTIMIZATION_LEVEL = 0;
				GCC_PREPROCESSOR_DEFINITIONS = (
					"DEBUG=1",
					"$(inherited)",
				);
				GCC_WARN_64_TO_32_BIT_CONVERSION = YES;
				GCC_WARN_ABOUT_RETURN_TYPE = YES_ERROR;
				GCC_WARN_UNDECLARED_SELECTOR = YES;
				GCC_WARN_UNINITIALIZED_AUTOS = YES_AGGRESSIVE;
				GCC_WARN_UNUSED_FUNCTION = YES;
				GCC_WARN_UNUSED_VARIABLE = YES;
				IPHONEOS_DEPLOYMENT_TARGET = 13.2;
				MTL_ENABLE_DEBUG_INFO = INCLUDE_SOURCE;
				MTL_FAST_MATH = YES;
				ONLY_ACTIVE_ARCH = YES;
				SDKROOT = iphoneos;
				SWIFT_ACTIVE_COMPILATION_CONDITIONS = DEBUG;
				SWIFT_OPTIMIZATION_LEVEL = "-Onone";
			};
			name = Debug;
		};
		E4E30B5223B747C900224A72 /* Release */ = {
			isa = XCBuildConfiguration;
			buildSettings = {
				ALWAYS_SEARCH_USER_PATHS = NO;
				CLANG_ANALYZER_NONNULL = YES;
				CLANG_ANALYZER_NUMBER_OBJECT_CONVERSION = YES_AGGRESSIVE;
				CLANG_CXX_LANGUAGE_STANDARD = "gnu++14";
				CLANG_CXX_LIBRARY = "libc++";
				CLANG_ENABLE_MODULES = YES;
				CLANG_ENABLE_OBJC_ARC = YES;
				CLANG_ENABLE_OBJC_WEAK = YES;
				CLANG_WARN_BLOCK_CAPTURE_AUTORELEASING = YES;
				CLANG_WARN_BOOL_CONVERSION = YES;
				CLANG_WARN_COMMA = YES;
				CLANG_WARN_CONSTANT_CONVERSION = YES;
				CLANG_WARN_DEPRECATED_OBJC_IMPLEMENTATIONS = YES;
				CLANG_WARN_DIRECT_OBJC_ISA_USAGE = YES_ERROR;
				CLANG_WARN_DOCUMENTATION_COMMENTS = YES;
				CLANG_WARN_EMPTY_BODY = YES;
				CLANG_WARN_ENUM_CONVERSION = YES;
				CLANG_WARN_INFINITE_RECURSION = YES;
				CLANG_WARN_INT_CONVERSION = YES;
				CLANG_WARN_NON_LITERAL_NULL_CONVERSION = YES;
				CLANG_WARN_OBJC_IMPLICIT_RETAIN_SELF = YES;
				CLANG_WARN_OBJC_LITERAL_CONVERSION = YES;
				CLANG_WARN_OBJC_ROOT_CLASS = YES_ERROR;
				CLANG_WARN_RANGE_LOOP_ANALYSIS = YES;
				CLANG_WARN_STRICT_PROTOTYPES = YES;
				CLANG_WARN_SUSPICIOUS_MOVE = YES;
				CLANG_WARN_UNGUARDED_AVAILABILITY = YES_AGGRESSIVE;
				CLANG_WARN_UNREACHABLE_CODE = YES;
				CLANG_WARN__DUPLICATE_METHOD_MATCH = YES;
				COPY_PHASE_STRIP = NO;
				DEBUG_INFORMATION_FORMAT = "dwarf-with-dsym";
				ENABLE_NS_ASSERTIONS = NO;
				ENABLE_STRICT_OBJC_MSGSEND = YES;
				GCC_C_LANGUAGE_STANDARD = gnu11;
				GCC_NO_COMMON_BLOCKS = YES;
				GCC_WARN_64_TO_32_BIT_CONVERSION = YES;
				GCC_WARN_ABOUT_RETURN_TYPE = YES_ERROR;
				GCC_WARN_UNDECLARED_SELECTOR = YES;
				GCC_WARN_UNINITIALIZED_AUTOS = YES_AGGRESSIVE;
				GCC_WARN_UNUSED_FUNCTION = YES;
				GCC_WARN_UNUSED_VARIABLE = YES;
				IPHONEOS_DEPLOYMENT_TARGET = 13.2;
				MTL_ENABLE_DEBUG_INFO = NO;
				MTL_FAST_MATH = YES;
				SDKROOT = iphoneos;
				SWIFT_COMPILATION_MODE = wholemodule;
				SWIFT_OPTIMIZATION_LEVEL = "-O";
				VALIDATE_PRODUCT = YES;
			};
			name = Release;
		};
		E4E30B5423B747C900224A72 /* Debug */ = {
			isa = XCBuildConfiguration;
			buildSettings = {
				ASSETCATALOG_COMPILER_APPICON_NAME = AppIcon;
				CODE_SIGN_STYLE = Automatic;
				DEVELOPMENT_ASSET_PATHS = "\"GymBro/Preview Content\"";
				DEVELOPMENT_TEAM = H5WT9DVZAE;
				ENABLE_PREVIEWS = YES;
				INFOPLIST_FILE = GymBro/Info.plist;
				LD_RUNPATH_SEARCH_PATHS = (
					"$(inherited)",
					"@executable_path/Frameworks",
				);
				PRODUCT_BUNDLE_IDENTIFIER = org.ultrafluid.GymBro;
				PRODUCT_NAME = "$(TARGET_NAME)";
				SWIFT_VERSION = 5.0;
				TARGETED_DEVICE_FAMILY = "1,2";
			};
			name = Debug;
		};
		E4E30B5523B747C900224A72 /* Release */ = {
			isa = XCBuildConfiguration;
			buildSettings = {
				ASSETCATALOG_COMPILER_APPICON_NAME = AppIcon;
				CODE_SIGN_STYLE = Automatic;
				DEVELOPMENT_ASSET_PATHS = "\"GymBro/Preview Content\"";
				DEVELOPMENT_TEAM = H5WT9DVZAE;
				ENABLE_PREVIEWS = YES;
				INFOPLIST_FILE = GymBro/Info.plist;
				LD_RUNPATH_SEARCH_PATHS = (
					"$(inherited)",
					"@executable_path/Frameworks",
				);
				PRODUCT_BUNDLE_IDENTIFIER = org.ultrafluid.GymBro;
				PRODUCT_NAME = "$(TARGET_NAME)";
				SWIFT_VERSION = 5.0;
				TARGETED_DEVICE_FAMILY = "1,2";
			};
			name = Release;
		};
/* End XCBuildConfiguration section */

/* Begin XCConfigurationList section */
		E4E30B3723B747C600224A72 /* Build configuration list for PBXProject "GymBro" */ = {
			isa = XCConfigurationList;
			buildConfigurations = (
				E4E30B5123B747C900224A72 /* Debug */,
				E4E30B5223B747C900224A72 /* Release */,
			);
			defaultConfigurationIsVisible = 0;
			defaultConfigurationName = Release;
		};
		E4E30B5323B747C900224A72 /* Build configuration list for PBXNativeTarget "GymBro" */ = {
			isa = XCConfigurationList;
			buildConfigurations = (
				E4E30B5423B747C900224A72 /* Debug */,
				E4E30B5523B747C900224A72 /* Release */,
			);
			defaultConfigurationIsVisible = 0;
			defaultConfigurationName = Release;
		};
/* End XCConfigurationList section */

/* Begin XCVersionGroup section */
		E4E30B5F23B748AD00224A72 /* GymBro.xcdatamodeld */ = {
			isa = XCVersionGroup;
			children = (
				E4E30B6023B748AD00224A72 /* GymBro.xcdatamodel */,
			);
			currentVersion = E4E30B6023B748AD00224A72 /* GymBro.xcdatamodel */;
			name = GymBro.xcdatamodeld;
			path = ../../../GymBro/GymBro/GymBro.xcdatamodeld;
			sourceTree = "<group>";
			versionGroupType = wrapper.xcdatamodel;
		};
/* End XCVersionGroup section */
	};
	rootObject = E4E30B3423B747C600224A72 /* Project object */;
}
